// !$*UTF8*$!
{
	archiveVersion = 1;
	classes = {
	};
	objectVersion = 50;
	objects = {

/* Begin PBXBuildFile section */
		2A6577D825364EA200375A51 /* ContentView02.swift in Sources */ = {isa = PBXBuildFile; fileRef = 2A6577D725364EA200375A51 /* ContentView02.swift */; };
		2A6577DD2536515300375A51 /* ContentView03.swift in Sources */ = {isa = PBXBuildFile; fileRef = 2A6577DC2536515300375A51 /* ContentView03.swift */; };
		2A6577E22536531100375A51 /* ContentView04.swift in Sources */ = {isa = PBXBuildFile; fileRef = 2A6577E12536531100375A51 /* ContentView04.swift */; };
		2A6577E7253653AD00375A51 /* Treat.swift in Sources */ = {isa = PBXBuildFile; fileRef = 2A6577E6253653AD00375A51 /* Treat.swift */; };
		2A678E742535EFD8000D74B3 /* SwiftUI101App.swift in Sources */ = {isa = PBXBuildFile; fileRef = 2A678E732535EFD8000D74B3 /* SwiftUI101App.swift */; };
		2A678E762535EFD8000D74B3 /* ContentView.swift in Sources */ = {isa = PBXBuildFile; fileRef = 2A678E752535EFD8000D74B3 /* ContentView.swift */; };
		2A678E782535EFDA000D74B3 /* Assets.xcassets in Resources */ = {isa = PBXBuildFile; fileRef = 2A678E772535EFDA000D74B3 /* Assets.xcassets */; };
		2A678E7B2535EFDA000D74B3 /* Preview Assets.xcassets in Resources */ = {isa = PBXBuildFile; fileRef = 2A678E7A2535EFDA000D74B3 /* Preview Assets.xcassets */; };
		2A678E862535EFDB000D74B3 /* SwiftUI101Tests.swift in Sources */ = {isa = PBXBuildFile; fileRef = 2A678E852535EFDB000D74B3 /* SwiftUI101Tests.swift */; };
		2A678E912535EFDB000D74B3 /* SwiftUI101UITests.swift in Sources */ = {isa = PBXBuildFile; fileRef = 2A678E902535EFDB000D74B3 /* SwiftUI101UITests.swift */; };
		2AFFA0D42536312B0009B982 /* ContentView01.swift in Sources */ = {isa = PBXBuildFile; fileRef = 2AFFA0D32536312B0009B982 /* ContentView01.swift */; };
		2AFFA0E7253634130009B982 /* RelaxationTip.swift in Sources */ = {isa = PBXBuildFile; fileRef = 2AFFA0E6253634130009B982 /* RelaxationTip.swift */; };
/* End PBXBuildFile section */

/* Begin PBXContainerItemProxy section */
		2A678E822535EFDB000D74B3 /* PBXContainerItemProxy */ = {
			isa = PBXContainerItemProxy;
			containerPortal = 2A678E682535EFD8000D74B3 /* Project object */;
			proxyType = 1;
			remoteGlobalIDString = 2A678E6F2535EFD8000D74B3;
			remoteInfo = SwiftUI101;
		};
		2A678E8D2535EFDB000D74B3 /* PBXContainerItemProxy */ = {
			isa = PBXContainerItemProxy;
			containerPortal = 2A678E682535EFD8000D74B3 /* Project object */;
			proxyType = 1;
			remoteGlobalIDString = 2A678E6F2535EFD8000D74B3;
			remoteInfo = SwiftUI101;
		};
/* End PBXContainerItemProxy section */

/* Begin PBXFileReference section */
		2A6577D725364EA200375A51 /* ContentView02.swift */ = {isa = PBXFileReference; lastKnownFileType = sourcecode.swift; path = ContentView02.swift; sourceTree = "<group>"; };
		2A6577DC2536515300375A51 /* ContentView03.swift */ = {isa = PBXFileReference; lastKnownFileType = sourcecode.swift; path = ContentView03.swift; sourceTree = "<group>"; };
		2A6577E12536531100375A51 /* ContentView04.swift */ = {isa = PBXFileReference; lastKnownFileType = sourcecode.swift; path = ContentView04.swift; sourceTree = "<group>"; };
		2A6577E6253653AD00375A51 /* Treat.swift */ = {isa = PBXFileReference; lastKnownFileType = sourcecode.swift; path = Treat.swift; sourceTree = "<group>"; };
		2A678E702535EFD8000D74B3 /* SwiftUI101.app */ = {isa = PBXFileReference; explicitFileType = wrapper.application; includeInIndex = 0; path = SwiftUI101.app; sourceTree = BUILT_PRODUCTS_DIR; };
		2A678E732535EFD8000D74B3 /* SwiftUI101App.swift */ = {isa = PBXFileReference; lastKnownFileType = sourcecode.swift; path = SwiftUI101App.swift; sourceTree = "<group>"; };
		2A678E752535EFD8000D74B3 /* ContentView.swift */ = {isa = PBXFileReference; lastKnownFileType = sourcecode.swift; path = ContentView.swift; sourceTree = "<group>"; };
		2A678E772535EFDA000D74B3 /* Assets.xcassets */ = {isa = PBXFileReference; lastKnownFileType = folder.assetcatalog; path = Assets.xcassets; sourceTree = "<group>"; };
		2A678E7A2535EFDA000D74B3 /* Preview Assets.xcassets */ = {isa = PBXFileReference; lastKnownFileType = folder.assetcatalog; path = "Preview Assets.xcassets"; sourceTree = "<group>"; };
		2A678E7C2535EFDA000D74B3 /* Info.plist */ = {isa = PBXFileReference; lastKnownFileType = text.plist.xml; path = Info.plist; sourceTree = "<group>"; };
		2A678E812535EFDB000D74B3 /* SwiftUI101Tests.xctest */ = {isa = PBXFileReference; explicitFileType = wrapper.cfbundle; includeInIndex = 0; path = SwiftUI101Tests.xctest; sourceTree = BUILT_PRODUCTS_DIR; };
		2A678E852535EFDB000D74B3 /* SwiftUI101Tests.swift */ = {isa = PBXFileReference; lastKnownFileType = sourcecode.swift; path = SwiftUI101Tests.swift; sourceTree = "<group>"; };
		2A678E872535EFDB000D74B3 /* Info.plist */ = {isa = PBXFileReference; lastKnownFileType = text.plist.xml; path = Info.plist; sourceTree = "<group>"; };
		2A678E8C2535EFDB000D74B3 /* SwiftUI101UITests.xctest */ = {isa = PBXFileReference; explicitFileType = wrapper.cfbundle; includeInIndex = 0; path = SwiftUI101UITests.xctest; sourceTree = BUILT_PRODUCTS_DIR; };
		2A678E902535EFDB000D74B3 /* SwiftUI101UITests.swift */ = {isa = PBXFileReference; lastKnownFileType = sourcecode.swift; path = SwiftUI101UITests.swift; sourceTree = "<group>"; };
		2A678E922535EFDB000D74B3 /* Info.plist */ = {isa = PBXFileReference; lastKnownFileType = text.plist.xml; path = Info.plist; sourceTree = "<group>"; };
		2AFFA0D32536312B0009B982 /* ContentView01.swift */ = {isa = PBXFileReference; lastKnownFileType = sourcecode.swift; path = ContentView01.swift; sourceTree = "<group>"; };
		2AFFA0E6253634130009B982 /* RelaxationTip.swift */ = {isa = PBXFileReference; lastKnownFileType = sourcecode.swift; path = RelaxationTip.swift; sourceTree = "<group>"; };
/* End PBXFileReference section */

/* Begin PBXFrameworksBuildPhase section */
		2A678E6D2535EFD8000D74B3 /* Frameworks */ = {
			isa = PBXFrameworksBuildPhase;
			buildActionMask = 2147483647;
			files = (
			);
			runOnlyForDeploymentPostprocessing = 0;
		};
		2A678E7E2535EFDB000D74B3 /* Frameworks */ = {
			isa = PBXFrameworksBuildPhase;
			buildActionMask = 2147483647;
			files = (
			);
			runOnlyForDeploymentPostprocessing = 0;
		};
		2A678E892535EFDB000D74B3 /* Frameworks */ = {
			isa = PBXFrameworksBuildPhase;
			buildActionMask = 2147483647;
			files = (
			);
			runOnlyForDeploymentPostprocessing = 0;
		};
/* End PBXFrameworksBuildPhase section */

/* Begin PBXGroup section */
		2A678E672535EFD8000D74B3 = {
			isa = PBXGroup;
			children = (
				2A678E722535EFD8000D74B3 /* SwiftUI101 */,
				2A678E842535EFDB000D74B3 /* SwiftUI101Tests */,
				2A678E8F2535EFDB000D74B3 /* SwiftUI101UITests */,
				2A678E712535EFD8000D74B3 /* Products */,
			);
			sourceTree = "<group>";
		};
		2A678E712535EFD8000D74B3 /* Products */ = {
			isa = PBXGroup;
			children = (
				2A678E702535EFD8000D74B3 /* SwiftUI101.app */,
				2A678E812535EFDB000D74B3 /* SwiftUI101Tests.xctest */,
				2A678E8C2535EFDB000D74B3 /* SwiftUI101UITests.xctest */,
			);
			name = Products;
			sourceTree = "<group>";
		};
		2A678E722535EFD8000D74B3 /* SwiftUI101 */ = {
			isa = PBXGroup;
			children = (
				2AFFA0DA2536335E0009B982 /* WorkExampleViews */,
				2AFFA0D92536334E0009B982 /* Models */,
				2A678E732535EFD8000D74B3 /* SwiftUI101App.swift */,
				2A678E752535EFD8000D74B3 /* ContentView.swift */,
				2A678E772535EFDA000D74B3 /* Assets.xcassets */,
				2A678E7C2535EFDA000D74B3 /* Info.plist */,
				2A678E792535EFDA000D74B3 /* Preview Content */,
			);
			path = SwiftUI101;
			sourceTree = "<group>";
		};
		2A678E792535EFDA000D74B3 /* Preview Content */ = {
			isa = PBXGroup;
			children = (
				2A678E7A2535EFDA000D74B3 /* Preview Assets.xcassets */,
			);
			path = "Preview Content";
			sourceTree = "<group>";
		};
		2A678E842535EFDB000D74B3 /* SwiftUI101Tests */ = {
			isa = PBXGroup;
			children = (
				2A678E852535EFDB000D74B3 /* SwiftUI101Tests.swift */,
				2A678E872535EFDB000D74B3 /* Info.plist */,
			);
			path = SwiftUI101Tests;
			sourceTree = "<group>";
		};
		2A678E8F2535EFDB000D74B3 /* SwiftUI101UITests */ = {
			isa = PBXGroup;
			children = (
				2A678E902535EFDB000D74B3 /* SwiftUI101UITests.swift */,
				2A678E922535EFDB000D74B3 /* Info.plist */,
			);
			path = SwiftUI101UITests;
			sourceTree = "<group>";
		};
		2AFFA0D92536334E0009B982 /* Models */ = {
			isa = PBXGroup;
			children = (
				2AFFA0E6253634130009B982 /* RelaxationTip.swift */,
				2A6577E6253653AD00375A51 /* Treat.swift */,
			);
			path = Models;
			sourceTree = "<group>";
		};
		2AFFA0DA2536335E0009B982 /* WorkExampleViews */ = {
			isa = PBXGroup;
			children = (
				2AFFA0D32536312B0009B982 /* ContentView01.swift */,
				2A6577D725364EA200375A51 /* ContentView02.swift */,
				2A6577DC2536515300375A51 /* ContentView03.swift */,
				2A6577E12536531100375A51 /* ContentView04.swift */,
			);
			path = WorkExampleViews;
			sourceTree = "<group>";
		};
/* End PBXGroup section */

/* Begin PBXNativeTarget section */
		2A678E6F2535EFD8000D74B3 /* SwiftUI101 */ = {
			isa = PBXNativeTarget;
			buildConfigurationList = 2A678E952535EFDB000D74B3 /* Build configuration list for PBXNativeTarget "SwiftUI101" */;
			buildPhases = (
				2A678E6C2535EFD8000D74B3 /* Sources */,
				2A678E6D2535EFD8000D74B3 /* Frameworks */,
				2A678E6E2535EFD8000D74B3 /* Resources */,
			);
			buildRules = (
			);
			dependencies = (
			);
			name = SwiftUI101;
			productName = SwiftUI101;
			productReference = 2A678E702535EFD8000D74B3 /* SwiftUI101.app */;
			productType = "com.apple.product-type.application";
		};
		2A678E802535EFDB000D74B3 /* SwiftUI101Tests */ = {
			isa = PBXNativeTarget;
			buildConfigurationList = 2A678E982535EFDB000D74B3 /* Build configuration list for PBXNativeTarget "SwiftUI101Tests" */;
			buildPhases = (
				2A678E7D2535EFDB000D74B3 /* Sources */,
				2A678E7E2535EFDB000D74B3 /* Frameworks */,
				2A678E7F2535EFDB000D74B3 /* Resources */,
			);
			buildRules = (
			);
			dependencies = (
				2A678E832535EFDB000D74B3 /* PBXTargetDependency */,
			);
			name = SwiftUI101Tests;
			productName = SwiftUI101Tests;
			productReference = 2A678E812535EFDB000D74B3 /* SwiftUI101Tests.xctest */;
			productType = "com.apple.product-type.bundle.unit-test";
		};
		2A678E8B2535EFDB000D74B3 /* SwiftUI101UITests */ = {
			isa = PBXNativeTarget;
			buildConfigurationList = 2A678E9B2535EFDB000D74B3 /* Build configuration list for PBXNativeTarget "SwiftUI101UITests" */;
			buildPhases = (
				2A678E882535EFDB000D74B3 /* Sources */,
				2A678E892535EFDB000D74B3 /* Frameworks */,
				2A678E8A2535EFDB000D74B3 /* Resources */,
			);
			buildRules = (
			);
			dependencies = (
				2A678E8E2535EFDB000D74B3 /* PBXTargetDependency */,
			);
			name = SwiftUI101UITests;
			productName = SwiftUI101UITests;
			productReference = 2A678E8C2535EFDB000D74B3 /* SwiftUI101UITests.xctest */;
			productType = "com.apple.product-type.bundle.ui-testing";
		};
/* End PBXNativeTarget section */

/* Begin PBXProject section */
		2A678E682535EFD8000D74B3 /* Project object */ = {
			isa = PBXProject;
			attributes = {
				LastSwiftUpdateCheck = 1200;
				LastUpgradeCheck = 1200;
				TargetAttributes = {
					2A678E6F2535EFD8000D74B3 = {
						CreatedOnToolsVersion = 12.0.1;
					};
					2A678E802535EFDB000D74B3 = {
						CreatedOnToolsVersion = 12.0.1;
						TestTargetID = 2A678E6F2535EFD8000D74B3;
					};
					2A678E8B2535EFDB000D74B3 = {
						CreatedOnToolsVersion = 12.0.1;
						TestTargetID = 2A678E6F2535EFD8000D74B3;
					};
				};
			};
			buildConfigurationList = 2A678E6B2535EFD8000D74B3 /* Build configuration list for PBXProject "SwiftUI101" */;
			compatibilityVersion = "Xcode 9.3";
			developmentRegion = en;
			hasScannedForEncodings = 0;
			knownRegions = (
				en,
				Base,
			);
			mainGroup = 2A678E672535EFD8000D74B3;
			productRefGroup = 2A678E712535EFD8000D74B3 /* Products */;
			projectDirPath = "";
			projectRoot = "";
			targets = (
				2A678E6F2535EFD8000D74B3 /* SwiftUI101 */,
				2A678E802535EFDB000D74B3 /* SwiftUI101Tests */,
				2A678E8B2535EFDB000D74B3 /* SwiftUI101UITests */,
			);
		};
/* End PBXProject section */

/* Begin PBXResourcesBuildPhase section */
		2A678E6E2535EFD8000D74B3 /* Resources */ = {
			isa = PBXResourcesBuildPhase;
			buildActionMask = 2147483647;
			files = (
				2A678E7B2535EFDA000D74B3 /* Preview Assets.xcassets in Resources */,
				2A678E782535EFDA000D74B3 /* Assets.xcassets in Resources */,
			);
			runOnlyForDeploymentPostprocessing = 0;
		};
		2A678E7F2535EFDB000D74B3 /* Resources */ = {
			isa = PBXResourcesBuildPhase;
			buildActionMask = 2147483647;
			files = (
			);
			runOnlyForDeploymentPostprocessing = 0;
		};
		2A678E8A2535EFDB000D74B3 /* Resources */ = {
			isa = PBXResourcesBuildPhase;
			buildActionMask = 2147483647;
			files = (
			);
			runOnlyForDeploymentPostprocessing = 0;
		};
/* End PBXResourcesBuildPhase section */

/* Begin PBXSourcesBuildPhase section */
		2A678E6C2535EFD8000D74B3 /* Sources */ = {
			isa = PBXSourcesBuildPhase;
			buildActionMask = 2147483647;
			files = (
				2AFFA0D42536312B0009B982 /* ContentView01.swift in Sources */,
				2A678E762535EFD8000D74B3 /* ContentView.swift in Sources */,
				2AFFA0E7253634130009B982 /* RelaxationTip.swift in Sources */,
				2A6577D825364EA200375A51 /* ContentView02.swift in Sources */,
				2A6577E22536531100375A51 /* ContentView04.swift in Sources */,
				2A678E742535EFD8000D74B3 /* SwiftUI101App.swift in Sources */,
				2A6577E7253653AD00375A51 /* Treat.swift in Sources */,
				2A6577DD2536515300375A51 /* ContentView03.swift in Sources */,
			);
			runOnlyForDeploymentPostprocessing = 0;
		};
		2A678E7D2535EFDB000D74B3 /* Sources */ = {
			isa = PBXSourcesBuildPhase;
			buildActionMask = 2147483647;
			files = (
				2A678E862535EFDB000D74B3 /* SwiftUI101Tests.swift in Sources */,
			);
			runOnlyForDeploymentPostprocessing = 0;
		};
		2A678E882535EFDB000D74B3 /* Sources */ = {
			isa = PBXSourcesBuildPhase;
			buildActionMask = 2147483647;
			files = (
				2A678E912535EFDB000D74B3 /* SwiftUI101UITests.swift in Sources */,
			);
			runOnlyForDeploymentPostprocessing = 0;
		};
/* End PBXSourcesBuildPhase section */

/* Begin PBXTargetDependency section */
		2A678E832535EFDB000D74B3 /* PBXTargetDependency */ = {
			isa = PBXTargetDependency;
			target = 2A678E6F2535EFD8000D74B3 /* SwiftUI101 */;
			targetProxy = 2A678E822535EFDB000D74B3 /* PBXContainerItemProxy */;
		};
		2A678E8E2535EFDB000D74B3 /* PBXTargetDependency */ = {
			isa = PBXTargetDependency;
			target = 2A678E6F2535EFD8000D74B3 /* SwiftUI101 */;
			targetProxy = 2A678E8D2535EFDB000D74B3 /* PBXContainerItemProxy */;
		};
/* End PBXTargetDependency section */

/* Begin XCBuildConfiguration section */
		2A678E932535EFDB000D74B3 /* Debug */ = {
			isa = XCBuildConfiguration;
			buildSettings = {
				ALWAYS_SEARCH_USER_PATHS = NO;
				CLANG_ANALYZER_NONNULL = YES;
				CLANG_ANALYZER_NUMBER_OBJECT_CONVERSION = YES_AGGRESSIVE;
				CLANG_CXX_LANGUAGE_STANDARD = "gnu++14";
				CLANG_CXX_LIBRARY = "libc++";
				CLANG_ENABLE_MODULES = YES;
				CLANG_ENABLE_OBJC_ARC = YES;
				CLANG_ENABLE_OBJC_WEAK = YES;
				CLANG_WARN_BLOCK_CAPTURE_AUTORELEASING = YES;
				CLANG_WARN_BOOL_CONVERSION = YES;
				CLANG_WARN_COMMA = YES;
				CLANG_WARN_CONSTANT_CONVERSION = YES;
				CLANG_WARN_DEPRECATED_OBJC_IMPLEMENTATIONS = YES;
				CLANG_WARN_DIRECT_OBJC_ISA_USAGE = YES_ERROR;
				CLANG_WARN_DOCUMENTATION_COMMENTS = YES;
				CLANG_WARN_EMPTY_BODY = YES;
				CLANG_WARN_ENUM_CONVERSION = YES;
				CLANG_WARN_INFINITE_RECURSION = YES;
				CLANG_WARN_INT_CONVERSION = YES;
				CLANG_WARN_NON_LITERAL_NULL_CONVERSION = YES;
				CLANG_WARN_OBJC_IMPLICIT_RETAIN_SELF = YES;
				CLANG_WARN_OBJC_LITERAL_CONVERSION = YES;
				CLANG_WARN_OBJC_ROOT_CLASS = YES_ERROR;
				CLANG_WARN_QUOTED_INCLUDE_IN_FRAMEWORK_HEADER = YES;
				CLANG_WARN_RANGE_LOOP_ANALYSIS = YES;
				CLANG_WARN_STRICT_PROTOTYPES = YES;
				CLANG_WARN_SUSPICIOUS_MOVE = YES;
				CLANG_WARN_UNGUARDED_AVAILABILITY = YES_AGGRESSIVE;
				CLANG_WARN_UNREACHABLE_CODE = YES;
				CLANG_WARN__DUPLICATE_METHOD_MATCH = YES;
				COPY_PHASE_STRIP = NO;
				DEBUG_INFORMATION_FORMAT = dwarf;
				ENABLE_STRICT_OBJC_MSGSEND = YES;
				ENABLE_TESTABILITY = YES;
				GCC_C_LANGUAGE_STANDARD = gnu11;
				GCC_DYNAMIC_NO_PIC = NO;
				GCC_NO_COMMON_BLOCKS = YES;
				GCC_OPTIMIZATION_LEVEL = 0;
				GCC_PREPROCESSOR_DEFINITIONS = (
					"DEBUG=1",
					"$(inherited)",
				);
				GCC_WARN_64_TO_32_BIT_CONVERSION = YES;
				GCC_WARN_ABOUT_RETURN_TYPE = YES_ERROR;
				GCC_WARN_UNDECLARED_SELECTOR = YES;
				GCC_WARN_UNINITIALIZED_AUTOS = YES_AGGRESSIVE;
				GCC_WARN_UNUSED_FUNCTION = YES;
				GCC_WARN_UNUSED_VARIABLE = YES;
				IPHONEOS_DEPLOYMENT_TARGET = 14.0;
				MTL_ENABLE_DEBUG_INFO = INCLUDE_SOURCE;
				MTL_FAST_MATH = YES;
				ONLY_ACTIVE_ARCH = YES;
				SDKROOT = iphoneos;
				SWIFT_ACTIVE_COMPILATION_CONDITIONS = DEBUG;
				SWIFT_OPTIMIZATION_LEVEL = "-Onone";
			};
			name = Debug;
		};
		2A678E942535EFDB000D74B3 /* Release */ = {
			isa = XCBuildConfiguration;
			buildSettings = {
				ALWAYS_SEARCH_USER_PATHS = NO;
				CLANG_ANALYZER_NONNULL = YES;
				CLANG_ANALYZER_NUMBER_OBJECT_CONVERSION = YES_AGGRESSIVE;
				CLANG_CXX_LANGUAGE_STANDARD = "gnu++14";
				CLANG_CXX_LIBRARY = "libc++";
				CLANG_ENABLE_MODULES = YES;
				CLANG_ENABLE_OBJC_ARC = YES;
				CLANG_ENABLE_OBJC_WEAK = YES;
				CLANG_WARN_BLOCK_CAPTURE_AUTORELEASING = YES;
				CLANG_WARN_BOOL_CONVERSION = YES;
				CLANG_WARN_COMMA = YES;
				CLANG_WARN_CONSTANT_CONVERSION = YES;
				CLANG_WARN_DEPRECATED_OBJC_IMPLEMENTATIONS = YES;
				CLANG_WARN_DIRECT_OBJC_ISA_USAGE = YES_ERROR;
				CLANG_WARN_DOCUMENTATION_COMMENTS = YES;
				CLANG_WARN_EMPTY_BODY = YES;
				CLANG_WARN_ENUM_CONVERSION = YES;
				CLANG_WARN_INFINITE_RECURSION = YES;
				CLANG_WARN_INT_CONVERSION = YES;
				CLANG_WARN_NON_LITERAL_NULL_CONVERSION = YES;
				CLANG_WARN_OBJC_IMPLICIT_RETAIN_SELF = YES;
				CLANG_WARN_OBJC_LITERAL_CONVERSION = YES;
				CLANG_WARN_OBJC_ROOT_CLASS = YES_ERROR;
				CLANG_WARN_QUOTED_INCLUDE_IN_FRAMEWORK_HEADER = YES;
				CLANG_WARN_RANGE_LOOP_ANALYSIS = YES;
				CLANG_WARN_STRICT_PROTOTYPES = YES;
				CLANG_WARN_SUSPICIOUS_MOVE = YES;
				CLANG_WARN_UNGUARDED_AVAILABILITY = YES_AGGRESSIVE;
				CLANG_WARN_UNREACHABLE_CODE = YES;
				CLANG_WARN__DUPLICATE_METHOD_MATCH = YES;
				COPY_PHASE_STRIP = NO;
				DEBUG_INFORMATION_FORMAT = "dwarf-with-dsym";
				ENABLE_NS_ASSERTIONS = NO;
				ENABLE_STRICT_OBJC_MSGSEND = YES;
				GCC_C_LANGUAGE_STANDARD = gnu11;
				GCC_NO_COMMON_BLOCKS = YES;
				GCC_WARN_64_TO_32_BIT_CONVERSION = YES;
				GCC_WARN_ABOUT_RETURN_TYPE = YES_ERROR;
				GCC_WARN_UNDECLARED_SELECTOR = YES;
				GCC_WARN_UNINITIALIZED_AUTOS = YES_AGGRESSIVE;
				GCC_WARN_UNUSED_FUNCTION = YES;
				GCC_WARN_UNUSED_VARIABLE = YES;
				IPHONEOS_DEPLOYMENT_TARGET = 14.0;
				MTL_ENABLE_DEBUG_INFO = NO;
				MTL_FAST_MATH = YES;
				SDKROOT = iphoneos;
				SWIFT_COMPILATION_MODE = wholemodule;
				SWIFT_OPTIMIZATION_LEVEL = "-O";
				VALIDATE_PRODUCT = YES;
			};
			name = Release;
		};
		2A678E962535EFDB000D74B3 /* Debug */ = {
			isa = XCBuildConfiguration;
			buildSettings = {
				ASSETCATALOG_COMPILER_APPICON_NAME = AppIcon;
				ASSETCATALOG_COMPILER_GLOBAL_ACCENT_COLOR_NAME = AccentColor;
				CODE_SIGN_STYLE = Automatic;
				DEVELOPMENT_ASSET_PATHS = "\"SwiftUI101/Preview Content\"";
				ENABLE_PREVIEWS = YES;
				INFOPLIST_FILE = SwiftUI101/Info.plist;
				IPHONEOS_DEPLOYMENT_TARGET = 14.0;
				LD_RUNPATH_SEARCH_PATHS = (
					"$(inherited)",
					"@executable_path/Frameworks",
				);
				PRODUCT_BUNDLE_IDENTIFIER = ness.lab.SwiftUI101;
				PRODUCT_NAME = "$(TARGET_NAME)";
				SWIFT_VERSION = 5.0;
				TARGETED_DEVICE_FAMILY = "1,2";
			};
			name = Debug;
		};
		2A678E972535EFDB000D74B3 /* Release */ = {
			isa = XCBuildConfiguration;
			buildSettings = {
				ASSETCATALOG_COMPILER_APPICON_NAME = AppIcon;
				ASSETCATALOG_COMPILER_GLOBAL_ACCENT_COLOR_NAME = AccentColor;
				CODE_SIGN_STYLE = Automatic;
				DEVELOPMENT_ASSET_PATHS = "\"SwiftUI101/Preview Content\"";
				ENABLE_PREVIEWS = YES;
				INFOPLIST_FILE = SwiftUI101/Info.plist;
				IPHONEOS_DEPLOYMENT_TARGET = 14.0;
				LD_RUNPATH_SEARCH_PATHS = (
					"$(inherited)",
					"@executable_path/Frameworks",
				);
				PRODUCT_BUNDLE_IDENTIFIER = ness.lab.SwiftUI101;
				PRODUCT_NAME = "$(TARGET_NAME)";
				SWIFT_VERSION = 5.0;
				TARGETED_DEVICE_FAMILY = "1,2";
			};
			name = Release;
		};
		2A678E992535EFDB000D74B3 /* Debug */ = {
			isa = XCBuildConfiguration;
			buildSettings = {
				ALWAYS_EMBED_SWIFT_STANDARD_LIBRARIES = YES;
				BUNDLE_LOADER = "$(TEST_HOST)";
				CODE_SIGN_STYLE = Automatic;
				INFOPLIST_FILE = SwiftUI101Tests/Info.plist;
				IPHONEOS_DEPLOYMENT_TARGET = 14.0;
				LD_RUNPATH_SEARCH_PATHS = (
					"$(inherited)",
					"@executable_path/Frameworks",
					"@loader_path/Frameworks",
				);
				PRODUCT_BUNDLE_IDENTIFIER = ness.lab.SwiftUI101Tests;
				PRODUCT_NAME = "$(TARGET_NAME)";
				SWIFT_VERSION = 5.0;
				TARGETED_DEVICE_FAMILY = "1,2";
				TEST_HOST = "$(BUILT_PRODUCTS_DIR)/SwiftUI101.app/SwiftUI101";
			};
			name = Debug;
		};
		2A678E9A2535EFDB000D74B3 /* Release */ = {
			isa = XCBuildConfiguration;
			buildSettings = {
				ALWAYS_EMBED_SWIFT_STANDARD_LIBRARIES = YES;
				BUNDLE_LOADER = "$(TEST_HOST)";
				CODE_SIGN_STYLE = Automatic;
				INFOPLIST_FILE = SwiftUI101Tests/Info.plist;
				IPHONEOS_DEPLOYMENT_TARGET = 14.0;
				LD_RUNPATH_SEARCH_PATHS = (
					"$(inherited)",
					"@executable_path/Frameworks",
					"@loader_path/Frameworks",
				);
				PRODUCT_BUNDLE_IDENTIFIER = ness.lab.SwiftUI101Tests;
				PRODUCT_NAME = "$(TARGET_NAME)";
				SWIFT_VERSION = 5.0;
				TARGETED_DEVICE_FAMILY = "1,2";
				TEST_HOST = "$(BUILT_PRODUCTS_DIR)/SwiftUI101.app/SwiftUI101";
			};
			name = Release;
		};
		2A678E9C2535EFDB000D74B3 /* Debug */ = {
			isa = XCBuildConfiguration;
			buildSettings = {
				ALWAYS_EMBED_SWIFT_STANDARD_LIBRARIES = YES;
				CODE_SIGN_STYLE = Automatic;
				INFOPLIST_FILE = SwiftUI101UITests/Info.plist;
				LD_RUNPATH_SEARCH_PATHS = (
					"$(inherited)",
					"@executable_path/Frameworks",
					"@loader_path/Frameworks",
				);
				PRODUCT_BUNDLE_IDENTIFIER = ness.lab.SwiftUI101UITests;
				PRODUCT_NAME = "$(TARGET_NAME)";
				SWIFT_VERSION = 5.0;
				TARGETED_DEVICE_FAMILY = "1,2";
				TEST_TARGET_NAME = SwiftUI101;
			};
			name = Debug;
		};
		2A678E9D2535EFDB000D74B3 /* Release */ = {
			isa = XCBuildConfiguration;
			buildSettings = {
				ALWAYS_EMBED_SWIFT_STANDARD_LIBRARIES = YES;
				CODE_SIGN_STYLE = Automatic;
				INFOPLIST_FILE = SwiftUI101UITests/Info.plist;
				LD_RUNPATH_SEARCH_PATHS = (
					"$(inherited)",
					"@executable_path/Frameworks",
					"@loader_path/Frameworks",
				);
				PRODUCT_BUNDLE_IDENTIFIER = ness.lab.SwiftUI101UITests;
				PRODUCT_NAME = "$(TARGET_NAME)";
				SWIFT_VERSION = 5.0;
				TARGETED_DEVICE_FAMILY = "1,2";
				TEST_TARGET_NAME = SwiftUI101;
			};
			name = Release;
		};
/* End XCBuildConfiguration section */

/* Begin XCConfigurationList section */
		2A678E6B2535EFD8000D74B3 /* Build configuration list for PBXProject "SwiftUI101" */ = {
			isa = XCConfigurationList;
			buildConfigurations = (
				2A678E932535EFDB000D74B3 /* Debug */,
				2A678E942535EFDB000D74B3 /* Release */,
			);
			defaultConfigurationIsVisible = 0;
			defaultConfigurationName = Release;
		};
		2A678E952535EFDB000D74B3 /* Build configuration list for PBXNativeTarget "SwiftUI101" */ = {
			isa = XCConfigurationList;
			buildConfigurations = (
				2A678E962535EFDB000D74B3 /* Debug */,
				2A678E972535EFDB000D74B3 /* Release */,
			);
			defaultConfigurationIsVisible = 0;
			defaultConfigurationName = Release;
		};
		2A678E982535EFDB000D74B3 /* Build configuration list for PBXNativeTarget "SwiftUI101Tests" */ = {
			isa = XCConfigurationList;
			buildConfigurations = (
				2A678E992535EFDB000D74B3 /* Debug */,
				2A678E9A2535EFDB000D74B3 /* Release */,
			);
			defaultConfigurationIsVisible = 0;
			defaultConfigurationName = Release;
		};
		2A678E9B2535EFDB000D74B3 /* Build configuration list for PBXNativeTarget "SwiftUI101UITests" */ = {
			isa = XCConfigurationList;
			buildConfigurations = (
				2A678E9C2535EFDB000D74B3 /* Debug */,
				2A678E9D2535EFDB000D74B3 /* Release */,
			);
			defaultConfigurationIsVisible = 0;
			defaultConfigurationName = Release;
		};
/* End XCConfigurationList section */
	};
	rootObject = 2A678E682535EFD8000D74B3 /* Project object */;
}
